
Microsoft Visual Studio Solution File, Format Version 12.00
# Visual Studio Version 16
VisualStudioVersion = 16.0.31129.286
MinimumVisualStudioVersion = 10.0.40219.1
Project("{9A19103F-16F7-4668-BE54-9A1E7A4F7556}") = "Business", "Business\Business.csproj", "{BB2F7E28-80E9-49B3-A023-1C570BBEB814}"
EndProject
Project("{9A19103F-16F7-4668-BE54-9A1E7A4F7556}") = "DataAccess", "DataAccess\DataAccess.csproj", "{6C1C37A5-1836-4338-8691-F7F5D451DB51}"
EndProject
Project("{9A19103F-16F7-4668-BE54-9A1E7A4F7556}") = "Core", "Core\Core.csproj", "{6B912129-E7A9-4F9D-9971-B1BA9FFE5F6D}"
EndProject
Project("{9A19103F-16F7-4668-BE54-9A1E7A4F7556}") = "Entities", "Entities\Entities.csproj", "{61F27010-4B57-4185-B87D-363C2139DC91}"
EndProject
Project("{9A19103F-16F7-4668-BE54-9A1E7A4F7556}") = "WebAPI", "WebAPI\WebAPI.csproj", "{EED017A3-7505-4DB9-BB94-E99D1E3F0672}"
	ProjectSection(ProjectDependencies) = postProject
		{61F27010-4B57-4185-B87D-363C2139DC91} = {61F27010-4B57-4185-B87D-363C2139DC91}
	EndProjectSection
EndProject
Global
	GlobalSection(SolutionConfigurationPlatforms) = preSolution
		Debug|Any CPU = Debug|Any CPU
		Release|Any CPU = Release|Any CPU
	EndGlobalSection
	GlobalSection(ProjectConfigurationPlatforms) = postSolution
		{BB2F7E28-80E9-49B3-A023-1C570BBEB814}.Debug|Any CPU.ActiveCfg = Debug|Any CPU
		{BB2F7E28-80E9-49B3-A023-1C570BBEB814}.Debug|Any CPU.Build.0 = Debug|Any CPU
		{BB2F7E28-80E9-49B3-A023-1C570BBEB814}.Release|Any CPU.ActiveCfg = Release|Any CPU
		{BB2F7E28-80E9-49B3-A023-1C570BBEB814}.Release|Any CPU.Build.0 = Release|Any CPU
		{6C1C37A5-1836-4338-8691-F7F5D451DB51}.Debug|Any CPU.ActiveCfg = Debug|Any CPU
		{6C1C37A5-1836-4338-8691-F7F5D451DB51}.Debug|Any CPU.Build.0 = Debug|Any CPU
		{6C1C37A5-1836-4338-8691-F7F5D451DB51}.Release|Any CPU.ActiveCfg = Release|Any CPU
		{6C1C37A5-1836-4338-8691-F7F5D451DB51}.Release|Any CPU.Build.0 = Release|Any CPU
		{6B912129-E7A9-4F9D-9971-B1BA9FFE5F6D}.Debug|Any CPU.ActiveCfg = Debug|Any CPU
		{6B912129-E7A9-4F9D-9971-B1BA9FFE5F6D}.Debug|Any CPU.Build.0 = Debug|Any CPU
		{6B912129-E7A9-4F9D-9971-B1BA9FFE5F6D}.Release|Any CPU.ActiveCfg = Release|Any CPU
		{6B912129-E7A9-4F9D-9971-B1BA9FFE5F6D}.Release|Any CPU.Build.0 = Release|Any CPU
		{61F27010-4B57-4185-B87D-363C2139DC91}.Debug|Any CPU.ActiveCfg = Debug|Any CPU
		{61F27010-4B57-4185-B87D-363C2139DC91}.Debug|Any CPU.Build.0 = Debug|Any CPU
		{61F27010-4B57-4185-B87D-363C2139DC91}.Release|Any CPU.ActiveCfg = Release|Any CPU
		{61F27010-4B57-4185-B87D-363C2139DC91}.Release|Any CPU.Build.0 = Release|Any CPU
		{EED017A3-7505-4DB9-BB94-E99D1E3F0672}.Debug|Any CPU.ActiveCfg = Debug|Any CPU
		{EED017A3-7505-4DB9-BB94-E99D1E3F0672}.Debug|Any CPU.Build.0 = Debug|Any CPU
		{EED017A3-7505-4DB9-BB94-E99D1E3F0672}.Release|Any CPU.ActiveCfg = Release|Any CPU
		{EED017A3-7505-4DB9-BB94-E99D1E3F0672}.Release|Any CPU.Build.0 = Release|Any CPU
	EndGlobalSection
	GlobalSection(SolutionProperties) = preSolution
		HideSolutionNode = FALSE
	EndGlobalSection
	GlobalSection(ExtensibilityGlobals) = postSolution
		SolutionGuid = {8B34E98B-1A9C-4493-BC30-73C88B29EF64}
	EndGlobalSection
EndGlobal
